<Solution>
  <Folder Name="/admin/">
    <Project Path="src/Skoruba.IdentityServer4.Admin.Api/Skoruba.IdentityServer4.Admin.Api.csproj" />
    <Project Path="src/Skoruba.IdentityServer4.Admin.UI/Skoruba.IdentityServer4.Admin.UI.csproj" />
    <Project Path="src/Skoruba.IdentityServer4.Admin/Skoruba.IdentityServer4.Admin.csproj" />
  </Folder>
  <Folder Name="/business/">
    <Project Path="src/Skoruba.IdentityServer4.Admin.BusinessLogic.Identity/Skoruba.IdentityServer4.Admin.BusinessLogic.Identity.csproj" />
    <Project Path="src/Skoruba.IdentityServer4.Admin.BusinessLogic.Shared/Skoruba.IdentityServer4.Admin.BusinessLogic.Shared.csproj" />
    <Project Path="src/Skoruba.IdentityServer4.Admin.BusinessLogic/Skoruba.IdentityServer4.Admin.BusinessLogic.csproj" />
    <Project Path="src/Skoruba.IdentityServer4.Shared.Configuration/Skoruba.IdentityServer4.Shared.Configuration.csproj" />
    <Project Path="src/Skoruba.IdentityServer4.Shared/Skoruba.IdentityServer4.Shared.csproj" />
  </Folder>
  <Folder Name="/database/">
    <Project Path="src/Skoruba.IdentityServer4.Admin.EntityFramework.Configuration/Skoruba.IdentityServer4.Admin.EntityFramework.Configuration.csproj" />
    <Project Path="src/Skoruba.IdentityServer4.Admin.EntityFramework.Extensions/Skoruba.IdentityServer4.Admin.EntityFramework.Extensions.csproj" />
    <Project Path="src/Skoruba.IdentityServer4.Admin.EntityFramework.Identity/Skoruba.IdentityServer4.Admin.EntityFramework.Identity.csproj" />
    <Project Path="src/Skoruba.IdentityServer4.Admin.EntityFramework.MySql/Skoruba.IdentityServer4.Admin.EntityFramework.MySql.csproj" />
    <Project Path="src/Skoruba.IdentityServer4.Admin.EntityFramework.PostgreSQL/Skoruba.IdentityServer4.Admin.EntityFramework.PostgreSQL.csproj" />
    <Project Path="src/Skoruba.IdentityServer4.Admin.EntityFramework.Shared/Skoruba.IdentityServer4.Admin.EntityFramework.Shared.csproj" />
    <Project Path="src/Skoruba.IdentityServer4.Admin.EntityFramework.SqlServer/Skoruba.IdentityServer4.Admin.EntityFramework.SqlServer.csproj" />
    <Project Path="src/Skoruba.IdentityServer4.Admin.EntityFramework/Skoruba.IdentityServer4.Admin.EntityFramework.csproj" />
  </Folder>
  <Folder Name="/sts/">
    <Project Path="src/Skoruba.IdentityServer4.STS.Identity/Skoruba.IdentityServer4.STS.Identity.csproj" />
  </Folder>
  <Folder Name="/tests/">
    <Project Path="tests/Skoruba.IdentityServer4.Admin.Api.IntegrationTests/Skoruba.IdentityServer4.Admin.Api.IntegrationTests.csproj" />
    <Project Path="tests/Skoruba.IdentityServer4.Admin.IntegrationTests/Skoruba.IdentityServer4.Admin.IntegrationTests.csproj" />
    <Project Path="tests/Skoruba.IdentityServer4.Admin.UnitTests/Skoruba.IdentityServer4.Admin.UnitTests.csproj" />
    <Project Path="tests/Skoruba.IdentityServer4.STS.Identity.IntegrationTests/Skoruba.IdentityServer4.STS.Identity.IntegrationTests.csproj" />
  </Folder>
  <Project Path="docker-compose.dcproj">
    <Build />
  </Project>
</Solution>
